// !$*UTF8*$!
{
	archiveVersion = 1;
	classes = {
	};
	objectVersion = 55;
	objects = {

/* Begin PBXBuildFile section */
		0D108C3028A51B2000E07221 /* The_Social_Network_ChallengeApp.swift in Sources */ = {isa = PBXBuildFile; fileRef = 0D108C2F28A51B2000E07221 /* The_Social_Network_ChallengeApp.swift */; };
		0D108C3228A51B2000E07221 /* ContentView.swift in Sources */ = {isa = PBXBuildFile; fileRef = 0D108C3128A51B2000E07221 /* ContentView.swift */; };
		0D108C3428A51B2100E07221 /* Assets.xcassets in Resources */ = {isa = PBXBuildFile; fileRef = 0D108C3328A51B2100E07221 /* Assets.xcassets */; };
		0D108C3728A51B2100E07221 /* Preview Assets.xcassets in Resources */ = {isa = PBXBuildFile; fileRef = 0D108C3628A51B2100E07221 /* Preview Assets.xcassets */; };
		0D108C4128A51B2100E07221 /* The_Social_Network_ChallengeTests.swift in Sources */ = {isa = PBXBuildFile; fileRef = 0D108C4028A51B2100E07221 /* The_Social_Network_ChallengeTests.swift */; };
		0D108C4B28A51B2100E07221 /* The_Social_Network_ChallengeUITests.swift in Sources */ = {isa = PBXBuildFile; fileRef = 0D108C4A28A51B2100E07221 /* The_Social_Network_ChallengeUITests.swift */; };
		0D108C4D28A51B2100E07221 /* The_Social_Network_ChallengeUITestsLaunchTests.swift in Sources */ = {isa = PBXBuildFile; fileRef = 0D108C4C28A51B2100E07221 /* The_Social_Network_ChallengeUITestsLaunchTests.swift */; };
/* End PBXBuildFile section */

/* Begin PBXContainerItemProxy section */
		0D108C3D28A51B2100E07221 /* PBXContainerItemProxy */ = {
			isa = PBXContainerItemProxy;
			containerPortal = 0D108C2428A51B2000E07221 /* Project object */;
			proxyType = 1;
			remoteGlobalIDString = 0D108C2B28A51B2000E07221;
			remoteInfo = "The Social Network Challenge";
		};
		0D108C4728A51B2100E07221 /* PBXContainerItemProxy */ = {
			isa = PBXContainerItemProxy;
			containerPortal = 0D108C2428A51B2000E07221 /* Project object */;
			proxyType = 1;
			remoteGlobalIDString = 0D108C2B28A51B2000E07221;
			remoteInfo = "The Social Network Challenge";
		};
/* End PBXContainerItemProxy section */

/* Begin PBXFileReference section */
		0D108C2C28A51B2000E07221 /* The Social Network Challenge.app */ = {isa = PBXFileReference; explicitFileType = wrapper.application; includeInIndex = 0; path = "The Social Network Challenge.app"; sourceTree = BUILT_PRODUCTS_DIR; };
		0D108C2F28A51B2000E07221 /* The_Social_Network_ChallengeApp.swift */ = {isa = PBXFileReference; lastKnownFileType = sourcecode.swift; path = The_Social_Network_ChallengeApp.swift; sourceTree = "<group>"; };
		0D108C3128A51B2000E07221 /* ContentView.swift */ = {isa = PBXFileReference; lastKnownFileType = sourcecode.swift; path = ContentView.swift; sourceTree = "<group>"; };
		0D108C3328A51B2100E07221 /* Assets.xcassets */ = {isa = PBXFileReference; lastKnownFileType = folder.assetcatalog; path = Assets.xcassets; sourceTree = "<group>"; };
		0D108C3628A51B2100E07221 /* Preview Assets.xcassets */ = {isa = PBXFileReference; lastKnownFileType = folder.assetcatalog; path = "Preview Assets.xcassets"; sourceTree = "<group>"; };
		0D108C3C28A51B2100E07221 /* The Social Network ChallengeTests.xctest */ = {isa = PBXFileReference; explicitFileType = wrapper.cfbundle; includeInIndex = 0; path = "The Social Network ChallengeTests.xctest"; sourceTree = BUILT_PRODUCTS_DIR; };
		0D108C4028A51B2100E07221 /* The_Social_Network_ChallengeTests.swift */ = {isa = PBXFileReference; lastKnownFileType = sourcecode.swift; path = The_Social_Network_ChallengeTests.swift; sourceTree = "<group>"; };
		0D108C4628A51B2100E07221 /* The Social Network ChallengeUITests.xctest */ = {isa = PBXFileReference; explicitFileType = wrapper.cfbundle; includeInIndex = 0; path = "The Social Network ChallengeUITests.xctest"; sourceTree = BUILT_PRODUCTS_DIR; };
		0D108C4A28A51B2100E07221 /* The_Social_Network_ChallengeUITests.swift */ = {isa = PBXFileReference; lastKnownFileType = sourcecode.swift; path = The_Social_Network_ChallengeUITests.swift; sourceTree = "<group>"; };
		0D108C4C28A51B2100E07221 /* The_Social_Network_ChallengeUITestsLaunchTests.swift */ = {isa = PBXFileReference; lastKnownFileType = sourcecode.swift; path = The_Social_Network_ChallengeUITestsLaunchTests.swift; sourceTree = "<group>"; };
/* End PBXFileReference section */

/* Begin PBXFrameworksBuildPhase section */
		0D108C2928A51B2000E07221 /* Frameworks */ = {
			isa = PBXFrameworksBuildPhase;
			buildActionMask = 2147483647;
			files = (
			);
			runOnlyForDeploymentPostprocessing = 0;
		};
		0D108C3928A51B2100E07221 /* Frameworks */ = {
			isa = PBXFrameworksBuildPhase;
			buildActionMask = 2147483647;
			files = (
			);
			runOnlyForDeploymentPostprocessing = 0;
		};
		0D108C4328A51B2100E07221 /* Frameworks */ = {
			isa = PBXFrameworksBuildPhase;
			buildActionMask = 2147483647;
			files = (
			);
			runOnlyForDeploymentPostprocessing = 0;
		};
/* End PBXFrameworksBuildPhase section */

/* Begin PBXGroup section */
		0D108C2328A51B2000E07221 = {
			isa = PBXGroup;
			children = (
				0D108C2E28A51B2000E07221 /* The Social Network Challenge */,
				0D108C3F28A51B2100E07221 /* The Social Network ChallengeTests */,
				0D108C4928A51B2100E07221 /* The Social Network ChallengeUITests */,
				0D108C2D28A51B2000E07221 /* Products */,
			);
			sourceTree = "<group>";
		};
		0D108C2D28A51B2000E07221 /* Products */ = {
			isa = PBXGroup;
			children = (
				0D108C2C28A51B2000E07221 /* The Social Network Challenge.app */,
				0D108C3C28A51B2100E07221 /* The Social Network ChallengeTests.xctest */,
				0D108C4628A51B2100E07221 /* The Social Network ChallengeUITests.xctest */,
			);
			name = Products;
			sourceTree = "<group>";
		};
		0D108C2E28A51B2000E07221 /* The Social Network Challenge */ = {
			isa = PBXGroup;
			children = (
				0D108C2F28A51B2000E07221 /* The_Social_Network_ChallengeApp.swift */,
				0D108C3128A51B2000E07221 /* ContentView.swift */,
				0D108C3328A51B2100E07221 /* Assets.xcassets */,
				0D108C3528A51B2100E07221 /* Preview Content */,
			);
			path = "The Social Network Challenge";
			sourceTree = "<group>";
		};
		0D108C3528A51B2100E07221 /* Preview Content */ = {
			isa = PBXGroup;
			children = (
				0D108C3628A51B2100E07221 /* Preview Assets.xcassets */,
			);
			path = "Preview Content";
			sourceTree = "<group>";
		};
		0D108C3F28A51B2100E07221 /* The Social Network ChallengeTests */ = {
			isa = PBXGroup;
			children = (
				0D108C4028A51B2100E07221 /* The_Social_Network_ChallengeTests.swift */,
			);
			path = "The Social Network ChallengeTests";
			sourceTree = "<group>";
		};
		0D108C4928A51B2100E07221 /* The Social Network ChallengeUITests */ = {
			isa = PBXGroup;
			children = (
				0D108C4A28A51B2100E07221 /* The_Social_Network_ChallengeUITests.swift */,
				0D108C4C28A51B2100E07221 /* The_Social_Network_ChallengeUITestsLaunchTests.swift */,
			);
			path = "The Social Network ChallengeUITests";
			sourceTree = "<group>";
		};
/* End PBXGroup section */

/* Begin PBXNativeTarget section */
		0D108C2B28A51B2000E07221 /* The Social Network Challenge */ = {
			isa = PBXNativeTarget;
			buildConfigurationList = 0D108C5028A51B2100E07221 /* Build configuration list for PBXNativeTarget "The Social Network Challenge" */;
			buildPhases = (
				0D108C2828A51B2000E07221 /* Sources */,
				0D108C2928A51B2000E07221 /* Frameworks */,
				0D108C2A28A51B2000E07221 /* Resources */,
			);
			buildRules = (
			);
			dependencies = (
			);
			name = "The Social Network Challenge";
			productName = "The Social Network Challenge";
			productReference = 0D108C2C28A51B2000E07221 /* The Social Network Challenge.app */;
			productType = "com.apple.product-type.application";
		};
		0D108C3B28A51B2100E07221 /* The Social Network ChallengeTests */ = {
			isa = PBXNativeTarget;
			buildConfigurationList = 0D108C5328A51B2100E07221 /* Build configuration list for PBXNativeTarget "The Social Network ChallengeTests" */;
			buildPhases = (
				0D108C3828A51B2100E07221 /* Sources */,
				0D108C3928A51B2100E07221 /* Frameworks */,
				0D108C3A28A51B2100E07221 /* Resources */,
			);
			buildRules = (
			);
			dependencies = (
				0D108C3E28A51B2100E07221 /* PBXTargetDependency */,
			);
			name = "The Social Network ChallengeTests";
			productName = "The Social Network ChallengeTests";
			productReference = 0D108C3C28A51B2100E07221 /* The Social Network ChallengeTests.xctest */;
			productType = "com.apple.product-type.bundle.unit-test";
		};
		0D108C4528A51B2100E07221 /* The Social Network ChallengeUITests */ = {
			isa = PBXNativeTarget;
			buildConfigurationList = 0D108C5628A51B2100E07221 /* Build configuration list for PBXNativeTarget "The Social Network ChallengeUITests" */;
			buildPhases = (
				0D108C4228A51B2100E07221 /* Sources */,
				0D108C4328A51B2100E07221 /* Frameworks */,
				0D108C4428A51B2100E07221 /* Resources */,
			);
			buildRules = (
			);
			dependencies = (
				0D108C4828A51B2100E07221 /* PBXTargetDependency */,
			);
			name = "The Social Network ChallengeUITests";
			productName = "The Social Network ChallengeUITests";
			productReference = 0D108C4628A51B2100E07221 /* The Social Network ChallengeUITests.xctest */;
			productType = "com.apple.product-type.bundle.ui-testing";
		};
/* End PBXNativeTarget section */

/* Begin PBXProject section */
		0D108C2428A51B2000E07221 /* Project object */ = {
			isa = PBXProject;
			attributes = {
				BuildIndependentTargetsInParallel = 1;
				LastSwiftUpdateCheck = 1340;
				LastUpgradeCheck = 1340;
				TargetAttributes = {
					0D108C2B28A51B2000E07221 = {
						CreatedOnToolsVersion = 13.4.1;
					};
					0D108C3B28A51B2100E07221 = {
						CreatedOnToolsVersion = 13.4.1;
						TestTargetID = 0D108C2B28A51B2000E07221;
					};
					0D108C4528A51B2100E07221 = {
						CreatedOnToolsVersion = 13.4.1;
						TestTargetID = 0D108C2B28A51B2000E07221;
					};
				};
			};
			buildConfigurationList = 0D108C2728A51B2000E07221 /* Build configuration list for PBXProject "The Social Network Challenge" */;
			compatibilityVersion = "Xcode 13.0";
			developmentRegion = en;
			hasScannedForEncodings = 0;
			knownRegions = (
				en,
				Base,
			);
			mainGroup = 0D108C2328A51B2000E07221;
			productRefGroup = 0D108C2D28A51B2000E07221 /* Products */;
			projectDirPath = "";
			projectRoot = "";
			targets = (
				0D108C2B28A51B2000E07221 /* The Social Network Challenge */,
				0D108C3B28A51B2100E07221 /* The Social Network ChallengeTests */,
				0D108C4528A51B2100E07221 /* The Social Network ChallengeUITests */,
			);
		};
/* End PBXProject section */

/* Begin PBXResourcesBuildPhase section */
		0D108C2A28A51B2000E07221 /* Resources */ = {
			isa = PBXResourcesBuildPhase;
			buildActionMask = 2147483647;
			files = (
				0D108C3728A51B2100E07221 /* Preview Assets.xcassets in Resources */,
				0D108C3428A51B2100E07221 /* Assets.xcassets in Resources */,
			);
			runOnlyForDeploymentPostprocessing = 0;
		};
		0D108C3A28A51B2100E07221 /* Resources */ = {
			isa = PBXResourcesBuildPhase;
			buildActionMask = 2147483647;
			files = (
			);
			runOnlyForDeploymentPostprocessing = 0;
		};
		0D108C4428A51B2100E07221 /* Resources */ = {
			isa = PBXResourcesBuildPhase;
			buildActionMask = 2147483647;
			files = (
			);
			runOnlyForDeploymentPostprocessing = 0;
		};
/* End PBXResourcesBuildPhase section */

/* Begin PBXSourcesBuildPhase section */
		0D108C2828A51B2000E07221 /* Sources */ = {
			isa = PBXSourcesBuildPhase;
			buildActionMask = 2147483647;
			files = (
				0D108C3228A51B2000E07221 /* ContentView.swift in Sources */,
				0D108C3028A51B2000E07221 /* The_Social_Network_ChallengeApp.swift in Sources */,
			);
			runOnlyForDeploymentPostprocessing = 0;
		};
		0D108C3828A51B2100E07221 /* Sources */ = {
			isa = PBXSourcesBuildPhase;
			buildActionMask = 2147483647;
			files = (
				0D108C4128A51B2100E07221 /* The_Social_Network_ChallengeTests.swift in Sources */,
			);
			runOnlyForDeploymentPostprocessing = 0;
		};
		0D108C4228A51B2100E07221 /* Sources */ = {
			isa = PBXSourcesBuildPhase;
			buildActionMask = 2147483647;
			files = (
				0D108C4D28A51B2100E07221 /* The_Social_Network_ChallengeUITestsLaunchTests.swift in Sources */,
				0D108C4B28A51B2100E07221 /* The_Social_Network_ChallengeUITests.swift in Sources */,
			);
			runOnlyForDeploymentPostprocessing = 0;
		};
/* End PBXSourcesBuildPhase section */

/* Begin PBXTargetDependency section */
		0D108C3E28A51B2100E07221 /* PBXTargetDependency */ = {
			isa = PBXTargetDependency;
			target = 0D108C2B28A51B2000E07221 /* The Social Network Challenge */;
			targetProxy = 0D108C3D28A51B2100E07221 /* PBXContainerItemProxy */;
		};
		0D108C4828A51B2100E07221 /* PBXTargetDependency */ = {
			isa = PBXTargetDependency;
			target = 0D108C2B28A51B2000E07221 /* The Social Network Challenge */;
			targetProxy = 0D108C4728A51B2100E07221 /* PBXContainerItemProxy */;
		};
/* End PBXTargetDependency section */

/* Begin XCBuildConfiguration section */
		0D108C4E28A51B2100E07221 /* Debug */ = {
			isa = XCBuildConfiguration;
			buildSettings = {
				ALWAYS_SEARCH_USER_PATHS = NO;
				CLANG_ANALYZER_NONNULL = YES;
				CLANG_ANALYZER_NUMBER_OBJECT_CONVERSION = YES_AGGRESSIVE;
				CLANG_CXX_LANGUAGE_STANDARD = "gnu++17";
				CLANG_ENABLE_MODULES = YES;
				CLANG_ENABLE_OBJC_ARC = YES;
				CLANG_ENABLE_OBJC_WEAK = YES;
				CLANG_WARN_BLOCK_CAPTURE_AUTORELEASING = YES;
				CLANG_WARN_BOOL_CONVERSION = YES;
				CLANG_WARN_COMMA = YES;
				CLANG_WARN_CONSTANT_CONVERSION = YES;
				CLANG_WARN_DEPRECATED_OBJC_IMPLEMENTATIONS = YES;
				CLANG_WARN_DIRECT_OBJC_ISA_USAGE = YES_ERROR;
				CLANG_WARN_DOCUMENTATION_COMMENTS = YES;
				CLANG_WARN_EMPTY_BODY = YES;
				CLANG_WARN_ENUM_CONVERSION = YES;
				CLANG_WARN_INFINITE_RECURSION = YES;
				CLANG_WARN_INT_CONVERSION = YES;
				CLANG_WARN_NON_LITERAL_NULL_CONVERSION = YES;
				CLANG_WARN_OBJC_IMPLICIT_RETAIN_SELF = YES;
				CLANG_WARN_OBJC_LITERAL_CONVERSION = YES;
				CLANG_WARN_OBJC_ROOT_CLASS = YES_ERROR;
				CLANG_WARN_QUOTED_INCLUDE_IN_FRAMEWORK_HEADER = YES;
				CLANG_WARN_RANGE_LOOP_ANALYSIS = YES;
				CLANG_WARN_STRICT_PROTOTYPES = YES;
				CLANG_WARN_SUSPICIOUS_MOVE = YES;
				CLANG_WARN_UNGUARDED_AVAILABILITY = YES_AGGRESSIVE;
				CLANG_WARN_UNREACHABLE_CODE = YES;
				CLANG_WARN__DUPLICATE_METHOD_MATCH = YES;
				COPY_PHASE_STRIP = NO;
				DEBUG_INFORMATION_FORMAT = dwarf;
				ENABLE_STRICT_OBJC_MSGSEND = YES;
				ENABLE_TESTABILITY = YES;
				GCC_C_LANGUAGE_STANDARD = gnu11;
				GCC_DYNAMIC_NO_PIC = NO;
				GCC_NO_COMMON_BLOCKS = YES;
				GCC_OPTIMIZATION_LEVEL = 0;
				GCC_PREPROCESSOR_DEFINITIONS = (
					"DEBUG=1",
					"$(inherited)",
				);
				GCC_WARN_64_TO_32_BIT_CONVERSION = YES;
				GCC_WARN_ABOUT_RETURN_TYPE = YES_ERROR;
				GCC_WARN_UNDECLARED_SELECTOR = YES;
				GCC_WARN_UNINITIALIZED_AUTOS = YES_AGGRESSIVE;
				GCC_WARN_UNUSED_FUNCTION = YES;
				GCC_WARN_UNUSED_VARIABLE = YES;
				IPHONEOS_DEPLOYMENT_TARGET = 15.5;
				MTL_ENABLE_DEBUG_INFO = INCLUDE_SOURCE;
				MTL_FAST_MATH = YES;
				ONLY_ACTIVE_ARCH = YES;
				SDKROOT = iphoneos;
				SWIFT_ACTIVE_COMPILATION_CONDITIONS = DEBUG;
				SWIFT_OPTIMIZATION_LEVEL = "-Onone";
			};
			name = Debug;
		};
		0D108C4F28A51B2100E07221 /* Release */ = {
			isa = XCBuildConfiguration;
			buildSettings = {
				ALWAYS_SEARCH_USER_PATHS = NO;
				CLANG_ANALYZER_NONNULL = YES;
				CLANG_ANALYZER_NUMBER_OBJECT_CONVERSION = YES_AGGRESSIVE;
				CLANG_CXX_LANGUAGE_STANDARD = "gnu++17";
				CLANG_ENABLE_MODULES = YES;
				CLANG_ENABLE_OBJC_ARC = YES;
				CLANG_ENABLE_OBJC_WEAK = YES;
				CLANG_WARN_BLOCK_CAPTURE_AUTORELEASING = YES;
				CLANG_WARN_BOOL_CONVERSION = YES;
				CLANG_WARN_COMMA = YES;
				CLANG_WARN_CONSTANT_CONVERSION = YES;
				CLANG_WARN_DEPRECATED_OBJC_IMPLEMENTATIONS = YES;
				CLANG_WARN_DIRECT_OBJC_ISA_USAGE = YES_ERROR;
				CLANG_WARN_DOCUMENTATION_COMMENTS = YES;
				CLANG_WARN_EMPTY_BODY = YES;
				CLANG_WARN_ENUM_CONVERSION = YES;
				CLANG_WARN_INFINITE_RECURSION = YES;
				CLANG_WARN_INT_CONVERSION = YES;
				CLANG_WARN_NON_LITERAL_NULL_CONVERSION = YES;
				CLANG_WARN_OBJC_IMPLICIT_RETAIN_SELF = YES;
				CLANG_WARN_OBJC_LITERAL_CONVERSION = YES;
				CLANG_WARN_OBJC_ROOT_CLASS = YES_ERROR;
				CLANG_WARN_QUOTED_INCLUDE_IN_FRAMEWORK_HEADER = YES;
				CLANG_WARN_RANGE_LOOP_ANALYSIS = YES;
				CLANG_WARN_STRICT_PROTOTYPES = YES;
				CLANG_WARN_SUSPICIOUS_MOVE = YES;
				CLANG_WARN_UNGUARDED_AVAILABILITY = YES_AGGRESSIVE;
				CLANG_WARN_UNREACHABLE_CODE = YES;
				CLANG_WARN__DUPLICATE_METHOD_MATCH = YES;
				COPY_PHASE_STRIP = NO;
				DEBUG_INFORMATION_FORMAT = "dwarf-with-dsym";
				ENABLE_NS_ASSERTIONS = NO;
				ENABLE_STRICT_OBJC_MSGSEND = YES;
				GCC_C_LANGUAGE_STANDARD = gnu11;
				GCC_NO_COMMON_BLOCKS = YES;
				GCC_WARN_64_TO_32_BIT_CONVERSION = YES;
				GCC_WARN_ABOUT_RETURN_TYPE = YES_ERROR;
				GCC_WARN_UNDECLARED_SELECTOR = YES;
				GCC_WARN_UNINITIALIZED_AUTOS = YES_AGGRESSIVE;
				GCC_WARN_UNUSED_FUNCTION = YES;
				GCC_WARN_UNUSED_VARIABLE = YES;
				IPHONEOS_DEPLOYMENT_TARGET = 15.5;
				MTL_ENABLE_DEBUG_INFO = NO;
				MTL_FAST_MATH = YES;
				SDKROOT = iphoneos;
				SWIFT_COMPILATION_MODE = wholemodule;
				SWIFT_OPTIMIZATION_LEVEL = "-O";
				VALIDATE_PRODUCT = YES;
			};
			name = Release;
		};
		0D108C5128A51B2100E07221 /* Debug */ = {
			isa = XCBuildConfiguration;
			buildSettings = {
				ASSETCATALOG_COMPILER_APPICON_NAME = AppIcon;
				ASSETCATALOG_COMPILER_GLOBAL_ACCENT_COLOR_NAME = AccentColor;
				CODE_SIGN_STYLE = Automatic;
				CURRENT_PROJECT_VERSION = 1;
				DEVELOPMENT_ASSET_PATHS = "\"The Social Network Challenge/Preview Content\"";
				ENABLE_PREVIEWS = YES;
				GENERATE_INFOPLIST_FILE = YES;
				INFOPLIST_KEY_UIApplicationSceneManifest_Generation = YES;
				INFOPLIST_KEY_UIApplicationSupportsIndirectInputEvents = YES;
				INFOPLIST_KEY_UILaunchScreen_Generation = YES;
				INFOPLIST_KEY_UISupportedInterfaceOrientations_iPad = "UIInterfaceOrientationPortrait UIInterfaceOrientationPortraitUpsideDown UIInterfaceOrientationLandscapeLeft UIInterfaceOrientationLandscapeRight";
				INFOPLIST_KEY_UISupportedInterfaceOrientations_iPhone = "UIInterfaceOrientationPortrait UIInterfaceOrientationLandscapeLeft UIInterfaceOrientationLandscapeRight";
				LD_RUNPATH_SEARCH_PATHS = (
					"$(inherited)",
					"@executable_path/Frameworks",
				);
				MARKETING_VERSION = 1.0;
				PRODUCT_BUNDLE_IDENTIFIER = "com.helena.The-Social-Network-Challenge";
				PRODUCT_NAME = "$(TARGET_NAME)";
				SWIFT_EMIT_LOC_STRINGS = YES;
				SWIFT_VERSION = 5.0;
				TARGETED_DEVICE_FAMILY = "1,2";
			};
			name = Debug;
		};
		0D108C5228A51B2100E07221 /* Release */ = {
			isa = XCBuildConfiguration;
			buildSettings = {
				ASSETCATALOG_COMPILER_APPICON_NAME = AppIcon;
				ASSETCATALOG_COMPILER_GLOBAL_ACCENT_COLOR_NAME = AccentColor;
				CODE_SIGN_STYLE = Automatic;
				CURRENT_PROJECT_VERSION = 1;
				DEVELOPMENT_ASSET_PATHS = "\"The Social Network Challenge/Preview Content\"";
				ENABLE_PREVIEWS = YES;
				GENERATE_INFOPLIST_FILE = YES;
				INFOPLIST_KEY_UIApplicationSceneManifest_Generation = YES;
				INFOPLIST_KEY_UIApplicationSupportsIndirectInputEvents = YES;
				INFOPLIST_KEY_UILaunchScreen_Generation = YES;
				INFOPLIST_KEY_UISupportedInterfaceOrientations_iPad = "UIInterfaceOrientationPortrait UIInterfaceOrientationPortraitUpsideDown UIInterfaceOrientationLandscapeLeft UIInterfaceOrientationLandscapeRight";
				INFOPLIST_KEY_UISupportedInterfaceOrientations_iPhone = "UIInterfaceOrientationPortrait UIInterfaceOrientationLandscapeLeft UIInterfaceOrientationLandscapeRight";
				LD_RUNPATH_SEARCH_PATHS = (
					"$(inherited)",
					"@executable_path/Frameworks",
				);
				MARKETING_VERSION = 1.0;
				PRODUCT_BUNDLE_IDENTIFIER = "com.helena.The-Social-Network-Challenge";
				PRODUCT_NAME = "$(TARGET_NAME)";
				SWIFT_EMIT_LOC_STRINGS = YES;
				SWIFT_VERSION = 5.0;
				TARGETED_DEVICE_FAMILY = "1,2";
			};
			name = Release;
		};
		0D108C5428A51B2100E07221 /* Debug */ = {
			isa = XCBuildConfiguration;
			buildSettings = {
				ALWAYS_EMBED_SWIFT_STANDARD_LIBRARIES = YES;
				BUNDLE_LOADER = "$(TEST_HOST)";
				CODE_SIGN_STYLE = Automatic;
				CURRENT_PROJECT_VERSION = 1;
				GENERATE_INFOPLIST_FILE = YES;
				IPHONEOS_DEPLOYMENT_TARGET = 15.5;
				MARKETING_VERSION = 1.0;
				PRODUCT_BUNDLE_IDENTIFIER = "com.helena.The-Social-Network-ChallengeTests";
				PRODUCT_NAME = "$(TARGET_NAME)";
				SWIFT_EMIT_LOC_STRINGS = NO;
				SWIFT_VERSION = 5.0;
				TARGETED_DEVICE_FAMILY = "1,2";
				TEST_HOST = "$(BUILT_PRODUCTS_DIR)/The Social Network Challenge.app/The Social Network Challenge";
			};
			name = Debug;
		};
		0D108C5528A51B2100E07221 /* Release */ = {
			isa = XCBuildConfiguration;
			buildSettings = {
				ALWAYS_EMBED_SWIFT_STANDARD_LIBRARIES = YES;
				BUNDLE_LOADER = "$(TEST_HOST)";
				CODE_SIGN_STYLE = Automatic;
				CURRENT_PROJECT_VERSION = 1;
				GENERATE_INFOPLIST_FILE = YES;
				IPHONEOS_DEPLOYMENT_TARGET = 15.5;
				MARKETING_VERSION = 1.0;
				PRODUCT_BUNDLE_IDENTIFIER = "com.helena.The-Social-Network-ChallengeTests";
				PRODUCT_NAME = "$(TARGET_NAME)";
				SWIFT_EMIT_LOC_STRINGS = NO;
				SWIFT_VERSION = 5.0;
				TARGETED_DEVICE_FAMILY = "1,2";
				TEST_HOST = "$(BUILT_PRODUCTS_DIR)/The Social Network Challenge.app/The Social Network Challenge";
			};
			name = Release;
		};
		0D108C5728A51B2100E07221 /* Debug */ = {
			isa = XCBuildConfiguration;
			buildSettings = {
				ALWAYS_EMBED_SWIFT_STANDARD_LIBRARIES = YES;
				CODE_SIGN_STYLE = Automatic;
				CURRENT_PROJECT_VERSION = 1;
				GENERATE_INFOPLIST_FILE = YES;
				MARKETING_VERSION = 1.0;
				PRODUCT_BUNDLE_IDENTIFIER = "com.helena.The-Social-Network-ChallengeUITests";
				PRODUCT_NAME = "$(TARGET_NAME)";
				SWIFT_EMIT_LOC_STRINGS = NO;
				SWIFT_VERSION = 5.0;
				TARGETED_DEVICE_FAMILY = "1,2";
				TEST_TARGET_NAME = "The Social Network Challenge";
			};
			name = Debug;
		};
		0D108C5828A51B2100E07221 /* Release */ = {
			isa = XCBuildConfiguration;
			buildSettings = {
				ALWAYS_EMBED_SWIFT_STANDARD_LIBRARIES = YES;
				CODE_SIGN_STYLE = Automatic;
				CURRENT_PROJECT_VERSION = 1;
				GENERATE_INFOPLIST_FILE = YES;
				MARKETING_VERSION = 1.0;
				PRODUCT_BUNDLE_IDENTIFIER = "com.helena.The-Social-Network-ChallengeUITests";
				PRODUCT_NAME = "$(TARGET_NAME)";
				SWIFT_EMIT_LOC_STRINGS = NO;
				SWIFT_VERSION = 5.0;
				TARGETED_DEVICE_FAMILY = "1,2";
				TEST_TARGET_NAME = "The Social Network Challenge";
			};
			name = Release;
		};
/* End XCBuildConfiguration section */

/* Begin XCConfigurationList section */
		0D108C2728A51B2000E07221 /* Build configuration list for PBXProject "The Social Network Challenge" */ = {
			isa = XCConfigurationList;
			buildConfigurations = (
				0D108C4E28A51B2100E07221 /* Debug */,
				0D108C4F28A51B2100E07221 /* Release */,
			);
			defaultConfigurationIsVisible = 0;
			defaultConfigurationName = Release;
		};
		0D108C5028A51B2100E07221 /* Build configuration list for PBXNativeTarget "The Social Network Challenge" */ = {
			isa = XCConfigurationList;
			buildConfigurations = (
				0D108C5128A51B2100E07221 /* Debug */,
				0D108C5228A51B2100E07221 /* Release */,
			);
			defaultConfigurationIsVisible = 0;
			defaultConfigurationName = Release;
		};
		0D108C5328A51B2100E07221 /* Build configuration list for PBXNativeTarget "The Social Network ChallengeTests" */ = {
			isa = XCConfigurationList;
			buildConfigurations = (
				0D108C5428A51B2100E07221 /* Debug */,
				0D108C5528A51B2100E07221 /* Release */,
			);
			defaultConfigurationIsVisible = 0;
			defaultConfigurationName = Release;
		};
		0D108C5628A51B2100E07221 /* Build configuration list for PBXNativeTarget "The Social Network ChallengeUITests" */ = {
			isa = XCConfigurationList;
			buildConfigurations = (
				0D108C5728A51B2100E07221 /* Debug */,
				0D108C5828A51B2100E07221 /* Release */,
			);
			defaultConfigurationIsVisible = 0;
			defaultConfigurationName = Release;
		};
/* End XCConfigurationList section */
	};
	rootObject = 0D108C2428A51B2000E07221 /* Project object */;
}
